
Microsoft Visual Studio Solution File, Format Version 12.00
# Visual Studio 15
Project("{FAE04EC0-301F-11D3-BF4B-00C04F79EFBC}") = "elFinder.NetCore.AzureBlobStorage.Web", "elFinder.NetCore.AzureBlobStorage.Web\elFinder.NetCore.AzureBlobStorage.Web.csproj", "{FB8574F4-C0AB-4125-95FA-4A875A2DE29C}"
EndProject
Project("{FAE04EC0-301F-11D3-BF4B-00C04F79EFBC}") = "elFinder.NetCore.AzureBlobStorage.Driver", "elFinder.NetCore.AzureBlobStorage.Driver\elFinder.NetCore.AzureBlobStorage.Driver.csproj", "{A68DB716-710B-4545-A4F9-1278861339F3}"
EndProject
Global
	GlobalSection(SolutionConfigurationPlatforms) = preSolution
		Debug|Any CPU = Debug|Any CPU
		Release|Any CPU = Release|Any CPU
	EndGlobalSection
	GlobalSection(ProjectConfigurationPlatforms) = postSolution
		{FB8574F4-C0AB-4125-95FA-4A875A2DE29C}.Debug|Any CPU.ActiveCfg = Debug|Any CPU
		{FB8574F4-C0AB-4125-95FA-4A875A2DE29C}.Debug|Any CPU.Build.0 = Debug|Any CPU
		{FB8574F4-C0AB-4125-95FA-4A875A2DE29C}.Release|Any CPU.ActiveCfg = Release|Any CPU
		{FB8574F4-C0AB-4125-95FA-4A875A2DE29C}.Release|Any CPU.Build.0 = Release|Any CPU
		{A68DB716-710B-4545-A4F9-1278861339F3}.Debug|Any CPU.ActiveCfg = Debug|Any CPU
		{A68DB716-710B-4545-A4F9-1278861339F3}.Debug|Any CPU.Build.0 = Debug|Any CPU
		{A68DB716-710B-4545-A4F9-1278861339F3}.Release|Any CPU.ActiveCfg = Release|Any CPU
		{A68DB716-710B-4545-A4F9-1278861339F3}.Release|Any CPU.Build.0 = Release|Any CPU
	EndGlobalSection
EndGlobal
